
Microsoft Visual Studio Solution File, Format Version 12.00
# Visual Studio 15
VisualStudioVersion = 15.0.28010.2041
MinimumVisualStudioVersion = 10.0.40219.1
Project("{9A19103F-16F7-4668-BE54-9A1E7A4F7556}") = "TransitFunctionApp", "TransitFunctionApp\TransitFunctionApp.csproj", "{796EB399-1992-4213-A1B4-DCC1C76A69EA}"
EndProject
Project("{9A19103F-16F7-4668-BE54-9A1E7A4F7556}") = "TransitFunctionAppTest", "TransitFunctionAppTest\TransitFunctionAppTest.csproj", "{45867732-D9CB-4AEF-8BA0-EFD93F6A7AD9}"
EndProject
Global
	GlobalSection(SolutionConfigurationPlatforms) = preSolution
		Debug|Any CPU = Debug|Any CPU
		Release|Any CPU = Release|Any CPU
	EndGlobalSection
	GlobalSection(ProjectConfigurationPlatforms) = postSolution
		{796EB399-1992-4213-A1B4-DCC1C76A69EA}.Debug|Any CPU.ActiveCfg = Debug|Any CPU
		{796EB399-1992-4213-A1B4-DCC1C76A69EA}.Debug|Any CPU.Build.0 = Debug|Any CPU
		{796EB399-1992-4213-A1B4-DCC1C76A69EA}.Release|Any CPU.ActiveCfg = Release|Any CPU
		{796EB399-1992-4213-A1B4-DCC1C76A69EA}.Release|Any CPU.Build.0 = Release|Any CPU
		{45867732-D9CB-4AEF-8BA0-EFD93F6A7AD9}.Debug|Any CPU.ActiveCfg = Debug|Any CPU
		{45867732-D9CB-4AEF-8BA0-EFD93F6A7AD9}.Debug|Any CPU.Build.0 = Debug|Any CPU
		{45867732-D9CB-4AEF-8BA0-EFD93F6A7AD9}.Release|Any CPU.ActiveCfg = Release|Any CPU
		{45867732-D9CB-4AEF-8BA0-EFD93F6A7AD9}.Release|Any CPU.Build.0 = Release|Any CPU
	EndGlobalSection
	GlobalSection(SolutionProperties) = preSolution
		HideSolutionNode = FALSE
	EndGlobalSection
	GlobalSection(ExtensibilityGlobals) = postSolution
		SolutionGuid = {8C566D4B-D036-4D56-920A-62CEDE6CE2C7}
	EndGlobalSection
EndGlobal
